// !$*UTF8*$!
{
	archiveVersion = 1;
	classes = {
	};
	objectVersion = 46;
	objects = {

/* Begin PBXBuildFile section */
		A215AA921E67B68F00A203BF /* Bolts.framework in Frameworks */ = {isa = PBXBuildFile; fileRef = A215AA901E67B68F00A203BF /* Bolts.framework */; };
		A215AA931E67B68F00A203BF /* Parse.framework in Frameworks */ = {isa = PBXBuildFile; fileRef = A215AA911E67B68F00A203BF /* Parse.framework */; };
		A215AA9F1E67B71600A203BF /* AudioToolbox.framework in Frameworks */ = {isa = PBXBuildFile; fileRef = A215AA951E67B71600A203BF /* AudioToolbox.framework */; };
		A215AAA01E67B71600A203BF /* CFNetwork.framework in Frameworks */ = {isa = PBXBuildFile; fileRef = A215AA961E67B71600A203BF /* CFNetwork.framework */; };
		A215AAA11E67B71600A203BF /* CoreGraphics.framework in Frameworks */ = {isa = PBXBuildFile; fileRef = A215AA971E67B71600A203BF /* CoreGraphics.framework */; };
		A215AAA21E67B71600A203BF /* CoreLocation.framework in Frameworks */ = {isa = PBXBuildFile; fileRef = A215AA981E67B71600A203BF /* CoreLocation.framework */; };
		A215AAA31E67B71600A203BF /* libsqlite3.tbd in Frameworks */ = {isa = PBXBuildFile; fileRef = A215AA991E67B71600A203BF /* libsqlite3.tbd */; };
		A215AAA41E67B71600A203BF /* libz.tbd in Frameworks */ = {isa = PBXBuildFile; fileRef = A215AA9A1E67B71600A203BF /* libz.tbd */; };
		A215AAA51E67B71600A203BF /* QuartzCore.framework in Frameworks */ = {isa = PBXBuildFile; fileRef = A215AA9B1E67B71600A203BF /* QuartzCore.framework */; };
		A215AAA61E67B71600A203BF /* Security.framework in Frameworks */ = {isa = PBXBuildFile; fileRef = A215AA9C1E67B71600A203BF /* Security.framework */; };
		A215AAA81E67B71600A203BF /* SystemConfiguration.framework in Frameworks */ = {isa = PBXBuildFile; fileRef = A215AA9E1E67B71600A203BF /* SystemConfiguration.framework */; };
		A215AAAA1E67BC4900A203BF /* ActivityTableViewController.swift in Sources */ = {isa = PBXBuildFile; fileRef = A215AAA91E67BC4900A203BF /* ActivityTableViewController.swift */; };
		A21F9B141E6E3B5F0091DD88 /* CreatePostController.swift in Sources */ = {isa = PBXBuildFile; fileRef = A21F9B131E6E3B5F0091DD88 /* CreatePostController.swift */; };
		A26BBCE61E6B480D00A5327A /* EventTableViewController.swift in Sources */ = {isa = PBXBuildFile; fileRef = A26BBCE51E6B480D00A5327A /* EventTableViewController.swift */; };
		A26BBCE81E6B59CA00A5327A /* eventTableViewCell.swift in Sources */ = {isa = PBXBuildFile; fileRef = A26BBCE71E6B59CA00A5327A /* eventTableViewCell.swift */; };
		A285305E1EA3F68400632A54 /* ActivityModel.swift in Sources */ = {isa = PBXBuildFile; fileRef = A285305D1EA3F68400632A54 /* ActivityModel.swift */; };
		A29FD6751E85BC2700EE3F5C /* eventsTableViewCell.swift in Sources */ = {isa = PBXBuildFile; fileRef = A29FD6741E85BC2700EE3F5C /* eventsTableViewCell.swift */; };
		A29FD6771E85BCA200EE3F5C /* SignupViewController.swift in Sources */ = {isa = PBXBuildFile; fileRef = A29FD6761E85BCA200EE3F5C /* SignupViewController.swift */; };
		A2A41B781E6512F6008B4EC0 /* AppDelegate.swift in Sources */ = {isa = PBXBuildFile; fileRef = A2A41B771E6512F6008B4EC0 /* AppDelegate.swift */; };
		A2A41B7D1E6512F6008B4EC0 /* Main.storyboard in Resources */ = {isa = PBXBuildFile; fileRef = A2A41B7B1E6512F6008B4EC0 /* Main.storyboard */; };
		A2A41B7F1E6512F6008B4EC0 /* Assets.xcassets in Resources */ = {isa = PBXBuildFile; fileRef = A2A41B7E1E6512F6008B4EC0 /* Assets.xcassets */; };
		A2A41B821E6512F6008B4EC0 /* LaunchScreen.storyboard in Resources */ = {isa = PBXBuildFile; fileRef = A2A41B801E6512F6008B4EC0 /* LaunchScreen.storyboard */; };
		A2B4B4271EA4652100FC627F /* UserNotifications.framework in Frameworks */ = {isa = PBXBuildFile; fileRef = A2B4B4261EA4652100FC627F /* UserNotifications.framework */; };
		A2EEE8901E919D7F00F1472E /* LoginViewController.swift in Sources */ = {isa = PBXBuildFile; fileRef = A2EEE88F1E919D7F00F1472E /* LoginViewController.swift */; };
/* End PBXBuildFile section */

/* Begin PBXFileReference section */
		A215AA901E67B68F00A203BF /* Bolts.framework */ = {isa = PBXFileReference; lastKnownFileType = wrapper.framework; name = Bolts.framework; path = "Parse-iOS/Bolts.framework"; sourceTree = SOURCE_ROOT; };
		A215AA911E67B68F00A203BF /* Parse.framework */ = {isa = PBXFileReference; lastKnownFileType = wrapper.framework; name = Parse.framework; path = "Parse-iOS/Parse.framework"; sourceTree = SOURCE_ROOT; };
		A215AA951E67B71600A203BF /* AudioToolbox.framework */ = {isa = PBXFileReference; lastKnownFileType = wrapper.framework; name = AudioToolbox.framework; path = System/Library/Frameworks/AudioToolbox.framework; sourceTree = SDKROOT; };
		A215AA961E67B71600A203BF /* CFNetwork.framework */ = {isa = PBXFileReference; lastKnownFileType = wrapper.framework; name = CFNetwork.framework; path = System/Library/Frameworks/CFNetwork.framework; sourceTree = SDKROOT; };
		A215AA971E67B71600A203BF /* CoreGraphics.framework */ = {isa = PBXFileReference; lastKnownFileType = wrapper.framework; name = CoreGraphics.framework; path = System/Library/Frameworks/CoreGraphics.framework; sourceTree = SDKROOT; };
		A215AA981E67B71600A203BF /* CoreLocation.framework */ = {isa = PBXFileReference; lastKnownFileType = wrapper.framework; name = CoreLocation.framework; path = System/Library/Frameworks/CoreLocation.framework; sourceTree = SDKROOT; };
		A215AA991E67B71600A203BF /* libsqlite3.tbd */ = {isa = PBXFileReference; lastKnownFileType = "sourcecode.text-based-dylib-definition"; name = libsqlite3.tbd; path = usr/lib/libsqlite3.tbd; sourceTree = SDKROOT; };
		A215AA9A1E67B71600A203BF /* libz.tbd */ = {isa = PBXFileReference; lastKnownFileType = "sourcecode.text-based-dylib-definition"; name = libz.tbd; path = usr/lib/libz.tbd; sourceTree = SDKROOT; };
		A215AA9B1E67B71600A203BF /* QuartzCore.framework */ = {isa = PBXFileReference; lastKnownFileType = wrapper.framework; name = QuartzCore.framework; path = System/Library/Frameworks/QuartzCore.framework; sourceTree = SDKROOT; };
		A215AA9C1E67B71600A203BF /* Security.framework */ = {isa = PBXFileReference; lastKnownFileType = wrapper.framework; name = Security.framework; path = System/Library/Frameworks/Security.framework; sourceTree = SDKROOT; };
		A215AA9D1E67B71600A203BF /* StoreKit.framework */ = {isa = PBXFileReference; lastKnownFileType = wrapper.framework; name = StoreKit.framework; path = System/Library/Frameworks/StoreKit.framework; sourceTree = SDKROOT; };
		A215AA9E1E67B71600A203BF /* SystemConfiguration.framework */ = {isa = PBXFileReference; lastKnownFileType = wrapper.framework; name = SystemConfiguration.framework; path = System/Library/Frameworks/SystemConfiguration.framework; sourceTree = SDKROOT; };
		A215AAA91E67BC4900A203BF /* ActivityTableViewController.swift */ = {isa = PBXFileReference; fileEncoding = 4; lastKnownFileType = sourcecode.swift; path = ActivityTableViewController.swift; sourceTree = "<group>"; };
		A21F9B131E6E3B5F0091DD88 /* CreatePostController.swift */ = {isa = PBXFileReference; fileEncoding = 4; lastKnownFileType = sourcecode.swift; path = CreatePostController.swift; sourceTree = "<group>"; };
		A26BBCE51E6B480D00A5327A /* EventTableViewController.swift */ = {isa = PBXFileReference; fileEncoding = 4; lastKnownFileType = sourcecode.swift; name = EventTableViewController.swift; path = ../EventTableViewController.swift; sourceTree = "<group>"; };
		A26BBCE71E6B59CA00A5327A /* eventTableViewCell.swift */ = {isa = PBXFileReference; fileEncoding = 4; lastKnownFileType = sourcecode.swift; path = eventTableViewCell.swift; sourceTree = "<group>"; };
		A285305D1EA3F68400632A54 /* ActivityModel.swift */ = {isa = PBXFileReference; fileEncoding = 4; lastKnownFileType = sourcecode.swift; path = ActivityModel.swift; sourceTree = "<group>"; };
		A29FD6741E85BC2700EE3F5C /* eventsTableViewCell.swift */ = {isa = PBXFileReference; fileEncoding = 4; lastKnownFileType = sourcecode.swift; path = eventsTableViewCell.swift; sourceTree = "<group>"; };
		A29FD6761E85BCA200EE3F5C /* SignupViewController.swift */ = {isa = PBXFileReference; fileEncoding = 4; lastKnownFileType = sourcecode.swift; path = SignupViewController.swift; sourceTree = "<group>"; };
		A2A41B741E6512F6008B4EC0 /* bearcatconnect.app */ = {isa = PBXFileReference; explicitFileType = wrapper.application; includeInIndex = 0; path = bearcatconnect.app; sourceTree = BUILT_PRODUCTS_DIR; };
		A2A41B771E6512F6008B4EC0 /* AppDelegate.swift */ = {isa = PBXFileReference; lastKnownFileType = sourcecode.swift; path = AppDelegate.swift; sourceTree = "<group>"; };
		A2A41B7C1E6512F6008B4EC0 /* Base */ = {isa = PBXFileReference; lastKnownFileType = file.storyboard; name = Base; path = Base.lproj/Main.storyboard; sourceTree = "<group>"; };
		A2A41B7E1E6512F6008B4EC0 /* Assets.xcassets */ = {isa = PBXFileReference; lastKnownFileType = folder.assetcatalog; path = Assets.xcassets; sourceTree = "<group>"; };
		A2A41B811E6512F6008B4EC0 /* Base */ = {isa = PBXFileReference; lastKnownFileType = file.storyboard; name = Base; path = Base.lproj/LaunchScreen.storyboard; sourceTree = "<group>"; };
		A2A41B831E6512F6008B4EC0 /* Info.plist */ = {isa = PBXFileReference; lastKnownFileType = text.plist.xml; path = Info.plist; sourceTree = "<group>"; };
		A2B4B4261EA4652100FC627F /* UserNotifications.framework */ = {isa = PBXFileReference; lastKnownFileType = wrapper.framework; name = UserNotifications.framework; path = System/Library/Frameworks/UserNotifications.framework; sourceTree = SDKROOT; };
		A2EEE88F1E919D7F00F1472E /* LoginViewController.swift */ = {isa = PBXFileReference; fileEncoding = 4; lastKnownFileType = sourcecode.swift; path = LoginViewController.swift; sourceTree = "<group>"; };
/* End PBXFileReference section */

/* Begin PBXFrameworksBuildPhase section */
		A2A41B711E6512F6008B4EC0 /* Frameworks */ = {
			isa = PBXFrameworksBuildPhase;
			buildActionMask = 2147483647;
			files = (
				A2B4B4271EA4652100FC627F /* UserNotifications.framework in Frameworks */,
				A215AA9F1E67B71600A203BF /* AudioToolbox.framework in Frameworks */,
				A215AAA01E67B71600A203BF /* CFNetwork.framework in Frameworks */,
				A215AAA11E67B71600A203BF /* CoreGraphics.framework in Frameworks */,
				A215AAA21E67B71600A203BF /* CoreLocation.framework in Frameworks */,
				A215AAA31E67B71600A203BF /* libsqlite3.tbd in Frameworks */,
				A215AAA41E67B71600A203BF /* libz.tbd in Frameworks */,
				A215AAA51E67B71600A203BF /* QuartzCore.framework in Frameworks */,
				A215AAA61E67B71600A203BF /* Security.framework in Frameworks */,
				A215AAA81E67B71600A203BF /* SystemConfiguration.framework in Frameworks */,
				A215AA931E67B68F00A203BF /* Parse.framework in Frameworks */,
				A215AA921E67B68F00A203BF /* Bolts.framework in Frameworks */,
			);
			runOnlyForDeploymentPostprocessing = 0;
		};
/* End PBXFrameworksBuildPhase section */

/* Begin PBXGroup section */
		A215AA8F1E67B62100A203BF /* Frameworks */ = {
			isa = PBXGroup;
			children = (
				A215AA901E67B68F00A203BF /* Bolts.framework */,
				A215AA911E67B68F00A203BF /* Parse.framework */,
			);
			name = Frameworks;
			sourceTree = "<group>";
		};
		A215AA941E67B71600A203BF /* Frameworks */ = {
			isa = PBXGroup;
			children = (
				A2B4B4261EA4652100FC627F /* UserNotifications.framework */,
				A215AA951E67B71600A203BF /* AudioToolbox.framework */,
				A215AA961E67B71600A203BF /* CFNetwork.framework */,
				A215AA971E67B71600A203BF /* CoreGraphics.framework */,
				A215AA981E67B71600A203BF /* CoreLocation.framework */,
				A215AA991E67B71600A203BF /* libsqlite3.tbd */,
				A215AA9A1E67B71600A203BF /* libz.tbd */,
				A215AA9B1E67B71600A203BF /* QuartzCore.framework */,
				A215AA9C1E67B71600A203BF /* Security.framework */,
				A215AA9D1E67B71600A203BF /* StoreKit.framework */,
				A215AA9E1E67B71600A203BF /* SystemConfiguration.framework */,
			);
			name = Frameworks;
			sourceTree = "<group>";
		};
		A2A41B6B1E6512F6008B4EC0 = {
			isa = PBXGroup;
			children = (
				A2A41B761E6512F6008B4EC0 /* bearcatconnect */,
				A2A41B751E6512F6008B4EC0 /* Products */,
				A215AA941E67B71600A203BF /* Frameworks */,
			);
			sourceTree = "<group>";
		};
		A2A41B751E6512F6008B4EC0 /* Products */ = {
			isa = PBXGroup;
			children = (
				A2A41B741E6512F6008B4EC0 /* bearcatconnect.app */,
			);
			name = Products;
			sourceTree = "<group>";
		};
		A2A41B761E6512F6008B4EC0 /* bearcatconnect */ = {
			isa = PBXGroup;
			children = (
				A2EEE88F1E919D7F00F1472E /* LoginViewController.swift */,
				A2A41B771E6512F6008B4EC0 /* AppDelegate.swift */,
				A26BBCE51E6B480D00A5327A /* EventTableViewController.swift */,
				A29FD6741E85BC2700EE3F5C /* eventsTableViewCell.swift */,
				A2A41B7B1E6512F6008B4EC0 /* Main.storyboard */,
				A29FD6761E85BCA200EE3F5C /* SignupViewController.swift */,
				A26BBCE71E6B59CA00A5327A /* eventTableViewCell.swift */,
				A215AAA91E67BC4900A203BF /* ActivityTableViewController.swift */,
				A285305D1EA3F68400632A54 /* ActivityModel.swift */,
				A2A41B7E1E6512F6008B4EC0 /* Assets.xcassets */,
				A215AA8F1E67B62100A203BF /* Frameworks */,
				A2A41B801E6512F6008B4EC0 /* LaunchScreen.storyboard */,
				A2A41B831E6512F6008B4EC0 /* Info.plist */,
				A21F9B131E6E3B5F0091DD88 /* CreatePostController.swift */,
			);
			path = bearcatconnect;
			sourceTree = "<group>";
		};
/* End PBXGroup section */

/* Begin PBXNativeTarget section */
		A2A41B731E6512F6008B4EC0 /* bearcatconnect */ = {
			isa = PBXNativeTarget;
			buildConfigurationList = A2A41B861E6512F6008B4EC0 /* Build configuration list for PBXNativeTarget "bearcatconnect" */;
			buildPhases = (
				A2A41B701E6512F6008B4EC0 /* Sources */,
				A2A41B711E6512F6008B4EC0 /* Frameworks */,
				A2A41B721E6512F6008B4EC0 /* Resources */,
			);
			buildRules = (
			);
			dependencies = (
			);
			name = bearcatconnect;
			productName = bearcatconnect;
			productReference = A2A41B741E6512F6008B4EC0 /* bearcatconnect.app */;
			productType = "com.apple.product-type.application";
		};
/* End PBXNativeTarget section */

/* Begin PBXProject section */
		A2A41B6C1E6512F6008B4EC0 /* Project object */ = {
			isa = PBXProject;
			attributes = {
				LastSwiftUpdateCheck = 0820;
				LastUpgradeCheck = 0820;
				ORGANIZATIONNAME = "Verma,Monish";
				TargetAttributes = {
					A2A41B731E6512F6008B4EC0 = {
						CreatedOnToolsVersion = 8.2.1;
						DevelopmentTeam = AHPBCQML3R;
						ProvisioningStyle = Automatic;
					};
				};
			};
			buildConfigurationList = A2A41B6F1E6512F6008B4EC0 /* Build configuration list for PBXProject "bearcatconnect" */;
			compatibilityVersion = "Xcode 3.2";
			developmentRegion = English;
			hasScannedForEncodings = 0;
			knownRegions = (
				en,
				Base,
			);
			mainGroup = A2A41B6B1E6512F6008B4EC0;
			productRefGroup = A2A41B751E6512F6008B4EC0 /* Products */;
			projectDirPath = "";
			projectRoot = "";
			targets = (
				A2A41B731E6512F6008B4EC0 /* bearcatconnect */,
			);
		};
/* End PBXProject section */

/* Begin PBXResourcesBuildPhase section */
		A2A41B721E6512F6008B4EC0 /* Resources */ = {
			isa = PBXResourcesBuildPhase;
			buildActionMask = 2147483647;
			files = (
				A2A41B821E6512F6008B4EC0 /* LaunchScreen.storyboard in Resources */,
				A2A41B7F1E6512F6008B4EC0 /* Assets.xcassets in Resources */,
				A2A41B7D1E6512F6008B4EC0 /* Main.storyboard in Resources */,
			);
			runOnlyForDeploymentPostprocessing = 0;
		};
/* End PBXResourcesBuildPhase section */

/* Begin PBXSourcesBuildPhase section */
		A2A41B701E6512F6008B4EC0 /* Sources */ = {
			isa = PBXSourcesBuildPhase;
			buildActionMask = 2147483647;
			files = (
				A29FD6751E85BC2700EE3F5C /* eventsTableViewCell.swift in Sources */,
				A29FD6771E85BCA200EE3F5C /* SignupViewController.swift in Sources */,
				A285305E1EA3F68400632A54 /* ActivityModel.swift in Sources */,
				A26BBCE81E6B59CA00A5327A /* eventTableViewCell.swift in Sources */,
				A2A41B781E6512F6008B4EC0 /* AppDelegate.swift in Sources */,
				A2EEE8901E919D7F00F1472E /* LoginViewController.swift in Sources */,
				A26BBCE61E6B480D00A5327A /* EventTableViewController.swift in Sources */,
				A21F9B141E6E3B5F0091DD88 /* CreatePostController.swift in Sources */,
				A215AAAA1E67BC4900A203BF /* ActivityTableViewController.swift in Sources */,
			);
			runOnlyForDeploymentPostprocessing = 0;
		};
/* End PBXSourcesBuildPhase section */

/* Begin PBXVariantGroup section */
		A2A41B7B1E6512F6008B4EC0 /* Main.storyboard */ = {
			isa = PBXVariantGroup;
			children = (
				A2A41B7C1E6512F6008B4EC0 /* Base */,
			);
			name = Main.storyboard;
			sourceTree = "<group>";
		};
		A2A41B801E6512F6008B4EC0 /* LaunchScreen.storyboard */ = {
			isa = PBXVariantGroup;
			children = (
				A2A41B811E6512F6008B4EC0 /* Base */,
			);
			name = LaunchScreen.storyboard;
			sourceTree = "<group>";
		};
/* End PBXVariantGroup section */

/* Begin XCBuildConfiguration section */
		A2A41B841E6512F6008B4EC0 /* Debug */ = {
			isa = XCBuildConfiguration;
			buildSettings = {
				ALWAYS_SEARCH_USER_PATHS = NO;
				CLANG_ANALYZER_NONNULL = YES;
				CLANG_CXX_LANGUAGE_STANDARD = "gnu++0x";
				CLANG_CXX_LIBRARY = "libc++";
				CLANG_ENABLE_MODULES = YES;
				CLANG_ENABLE_OBJC_ARC = YES;
				CLANG_WARN_BOOL_CONVERSION = YES;
				CLANG_WARN_CONSTANT_CONVERSION = YES;
				CLANG_WARN_DIRECT_OBJC_ISA_USAGE = YES_ERROR;
				CLANG_WARN_DOCUMENTATION_COMMENTS = YES;
				CLANG_WARN_EMPTY_BODY = YES;
				CLANG_WARN_ENUM_CONVERSION = YES;
				CLANG_WARN_INFINITE_RECURSION = YES;
				CLANG_WARN_INT_CONVERSION = YES;
				CLANG_WARN_OBJC_ROOT_CLASS = YES_ERROR;
				CLANG_WARN_SUSPICIOUS_MOVE = YES;
				CLANG_WARN_UNREACHABLE_CODE = YES;
				CLANG_WARN__DUPLICATE_METHOD_MATCH = YES;
				"CODE_SIGN_IDENTITY[sdk=iphoneos*]" = "iPhone Developer: monishwildguy@gmail.com (258545P6WF)";
				COPY_PHASE_STRIP = NO;
				DEBUG_INFORMATION_FORMAT = dwarf;
				ENABLE_STRICT_OBJC_MSGSEND = YES;
				ENABLE_TESTABILITY = YES;
				GCC_C_LANGUAGE_STANDARD = gnu99;
				GCC_DYNAMIC_NO_PIC = NO;
				GCC_NO_COMMON_BLOCKS = YES;
				GCC_OPTIMIZATION_LEVEL = 0;
				GCC_PREPROCESSOR_DEFINITIONS = (
					"DEBUG=1",
					"$(inherited)",
				);
				GCC_WARN_64_TO_32_BIT_CONVERSION = YES;
				GCC_WARN_ABOUT_RETURN_TYPE = YES_ERROR;
				GCC_WARN_UNDECLARED_SELECTOR = YES;
				GCC_WARN_UNINITIALIZED_AUTOS = YES_AGGRESSIVE;
				GCC_WARN_UNUSED_FUNCTION = YES;
				GCC_WARN_UNUSED_VARIABLE = YES;
				IPHONEOS_DEPLOYMENT_TARGET = 10.2;
				MTL_ENABLE_DEBUG_INFO = YES;
				ONLY_ACTIVE_ARCH = YES;
				SDKROOT = iphoneos;
				SWIFT_ACTIVE_COMPILATION_CONDITIONS = DEBUG;
				SWIFT_OPTIMIZATION_LEVEL = "-Onone";
				TARGETED_DEVICE_FAMILY = "1,2";
			};
			name = Debug;
		};
		A2A41B851E6512F6008B4EC0 /* Release */ = {
			isa = XCBuildConfiguration;
			buildSettings = {
				ALWAYS_SEARCH_USER_PATHS = NO;
				CLANG_ANALYZER_NONNULL = YES;
				CLANG_CXX_LANGUAGE_STANDARD = "gnu++0x";
				CLANG_CXX_LIBRARY = "libc++";
				CLANG_ENABLE_MODULES = YES;
				CLANG_ENABLE_OBJC_ARC = YES;
				CLANG_WARN_BOOL_CONVERSION = YES;
				CLANG_WARN_CONSTANT_CONVERSION = YES;
				CLANG_WARN_DIRECT_OBJC_ISA_USAGE = YES_ERROR;
				CLANG_WARN_DOCUMENTATION_COMMENTS = YES;
				CLANG_WARN_EMPTY_BODY = YES;
				CLANG_WARN_ENUM_CONVERSION = YES;
				CLANG_WARN_INFINITE_RECURSION = YES;
				CLANG_WARN_INT_CONVERSION = YES;
				CLANG_WARN_OBJC_ROOT_CLASS = YES_ERROR;
				CLANG_WARN_SUSPICIOUS_MOVE = YES;
				CLANG_WARN_UNREACHABLE_CODE = YES;
				CLANG_WARN__DUPLICATE_METHOD_MATCH = YES;
				"CODE_SIGN_IDENTITY[sdk=iphoneos*]" = "iPhone Developer: monishwildguy@gmail.com (258545P6WF)";
				COPY_PHASE_STRIP = NO;
				DEBUG_INFORMATION_FORMAT = "dwarf-with-dsym";
				ENABLE_NS_ASSERTIONS = NO;
				ENABLE_STRICT_OBJC_MSGSEND = YES;
				GCC_C_LANGUAGE_STANDARD = gnu99;
				GCC_NO_COMMON_BLOCKS = YES;
				GCC_WARN_64_TO_32_BIT_CONVERSION = YES;
				GCC_WARN_ABOUT_RETURN_TYPE = YES_ERROR;
				GCC_WARN_UNDECLARED_SELECTOR = YES;
				GCC_WARN_UNINITIALIZED_AUTOS = YES_AGGRESSIVE;
				GCC_WARN_UNUSED_FUNCTION = YES;
				GCC_WARN_UNUSED_VARIABLE = YES;
				IPHONEOS_DEPLOYMENT_TARGET = 10.2;
				MTL_ENABLE_DEBUG_INFO = NO;
				SDKROOT = iphoneos;
				SWIFT_OPTIMIZATION_LEVEL = "-Owholemodule";
				TARGETED_DEVICE_FAMILY = "1,2";
				VALIDATE_PRODUCT = YES;
			};
			name = Release;
		};
		A2A41B871E6512F6008B4EC0 /* Debug */ = {
			isa = XCBuildConfiguration;
			buildSettings = {
				ASSETCATALOG_COMPILER_APPICON_NAME = AppIcon;
				CODE_SIGN_IDENTITY = "iPhone Developer: monishwildguy@gmail.com (258545P6WF)";
				"CODE_SIGN_IDENTITY[sdk=iphoneos*]" = "iPhone Developer";
				DEVELOPMENT_TEAM = AHPBCQML3R;
				FRAMEWORK_SEARCH_PATHS = (
					"$(inherited)",
					"$(PROJECT_DIR)/Parse-iOS",
				);
				INFOPLIST_FILE = bearcatconnect/Info.plist;
				IPHONEOS_DEPLOYMENT_TARGET = 10.1;
				LD_RUNPATH_SEARCH_PATHS = "$(inherited) @executable_path/Frameworks";
				PRODUCT_BUNDLE_IDENTIFIER = com.nwmissouri.bearcatconnect;
				PRODUCT_NAME = "$(TARGET_NAME)";
				SWIFT_VERSION = 3.0;
				TARGETED_DEVICE_FAMILY = "1,2";
			};
			name = Debug;
		};
		A2A41B881E6512F6008B4EC0 /* Release */ = {
			isa = XCBuildConfiguration;
			buildSettings = {
				ASSETCATALOG_COMPILER_APPICON_NAME = AppIcon;
				CODE_SIGN_IDENTITY = "iPhone Developer: monishwildguy@gmail.com (258545P6WF)";
				"CODE_SIGN_IDENTITY[sdk=iphoneos*]" = "iPhone Developer";
				DEVELOPMENT_TEAM = AHPBCQML3R;
				FRAMEWORK_SEARCH_PATHS = (
					"$(inherited)",
					"$(PROJECT_DIR)/Parse-iOS",
				);
				INFOPLIST_FILE = bearcatconnect/Info.plist;
				IPHONEOS_DEPLOYMENT_TARGET = 10.1;
				LD_RUNPATH_SEARCH_PATHS = "$(inherited) @executable_path/Frameworks";
				PRODUCT_BUNDLE_IDENTIFIER = com.nwmissouri.bearcatconnect;
				PRODUCT_NAME = "$(TARGET_NAME)";
				SWIFT_VERSION = 3.0;
				TARGETED_DEVICE_FAMILY = "1,2";
			};
			name = Release;
		};
/* End XCBuildConfiguration section */

/* Begin XCConfigurationList section */
		A2A41B6F1E6512F6008B4EC0 /* Build configuration list for PBXProject "bearcatconnect" */ = {
			isa = XCConfigurationList;
			buildConfigurations = (
				A2A41B841E6512F6008B4EC0 /* Debug */,
				A2A41B851E6512F6008B4EC0 /* Release */,
			);
			defaultConfigurationIsVisible = 0;
			defaultConfigurationName = Release;
		};
		A2A41B861E6512F6008B4EC0 /* Build configuration list for PBXNativeTarget "bearcatconnect" */ = {
			isa = XCConfigurationList;
			buildConfigurations = (
				A2A41B871E6512F6008B4EC0 /* Debug */,
				A2A41B881E6512F6008B4EC0 /* Release */,
			);
			defaultConfigurationIsVisible = 0;
			defaultConfigurationName = Release;
		};
/* End XCConfigurationList section */
	};
	rootObject = A2A41B6C1E6512F6008B4EC0 /* Project object */;
}
